
Microsoft Visual Studio Solution File, Format Version 12.00
# Visual Studio 14
VisualStudioVersion = 14.0.25123.0
MinimumVisualStudioVersion = 10.0.40219.1
Project("{FAE04EC0-301F-11D3-BF4B-00C04F79EFBC}") = "Genesis.Analytics", "Genesis.Analytics\Genesis.Analytics.csproj", "{669C7433-AA90-4B09-BB5D-2B872233197E}"
EndProject
Project("{2150E333-8FDC-42A3-9474-1A3956D46DE8}") = ".build", ".build", "{AA577967-C0C2-4028-986F-410368B9D342}"
	ProjectSection(SolutionItems) = preProject
		..\build.bat = ..\build.bat
		..\build.fsx = ..\build.fsx
	EndProjectSection
EndProject
Project("{FAE04EC0-301F-11D3-BF4B-00C04F79EFBC}") = "Genesis.Analytics.Raygun.Android", "Genesis.Analytics.Raygun.Android\Genesis.Analytics.Raygun.Android.csproj", "{0A0B4539-D403-4518-BB21-59670952FB8E}"
EndProject
Project("{FAE04EC0-301F-11D3-BF4B-00C04F79EFBC}") = "Genesis.Analytics.Raygun.iOS", "Genesis.Analytics.Raygun.iOS\Genesis.Analytics.Raygun.iOS.csproj", "{53F9028F-0758-4FF9-9239-E222C15887BF}"
EndProject
Global
	GlobalSection(SolutionConfigurationPlatforms) = preSolution
		Debug|Any CPU = Debug|Any CPU
		Release|Any CPU = Release|Any CPU
	EndGlobalSection
	GlobalSection(ProjectConfigurationPlatforms) = postSolution
		{669C7433-AA90-4B09-BB5D-2B872233197E}.Debug|Any CPU.ActiveCfg = Debug|Any CPU
		{669C7433-AA90-4B09-BB5D-2B872233197E}.Debug|Any CPU.Build.0 = Debug|Any CPU
		{669C7433-AA90-4B09-BB5D-2B872233197E}.Release|Any CPU.ActiveCfg = Release|Any CPU
		{669C7433-AA90-4B09-BB5D-2B872233197E}.Release|Any CPU.Build.0 = Release|Any CPU
		{0A0B4539-D403-4518-BB21-59670952FB8E}.Debug|Any CPU.ActiveCfg = Debug|Any CPU
		{0A0B4539-D403-4518-BB21-59670952FB8E}.Debug|Any CPU.Build.0 = Debug|Any CPU
		{0A0B4539-D403-4518-BB21-59670952FB8E}.Release|Any CPU.ActiveCfg = Release|Any CPU
		{0A0B4539-D403-4518-BB21-59670952FB8E}.Release|Any CPU.Build.0 = Release|Any CPU
		{53F9028F-0758-4FF9-9239-E222C15887BF}.Debug|Any CPU.ActiveCfg = Debug|Any CPU
		{53F9028F-0758-4FF9-9239-E222C15887BF}.Debug|Any CPU.Build.0 = Debug|Any CPU
		{53F9028F-0758-4FF9-9239-E222C15887BF}.Release|Any CPU.ActiveCfg = Release|Any CPU
		{53F9028F-0758-4FF9-9239-E222C15887BF}.Release|Any CPU.Build.0 = Release|Any CPU
	EndGlobalSection
	GlobalSection(SolutionProperties) = preSolution
		HideSolutionNode = FALSE
	EndGlobalSection
EndGlobal
